
Microsoft Visual Studio Solution File, Format Version 12.00
# Visual Studio 14
VisualStudioVersion = 14.0.23107.0
MinimumVisualStudioVersion = 10.0.40219.1
Project("{FC65038C-1B2F-41E1-A629-BED71D161FFF}") = "DataEntity (USR) [Packt_ApplicationSuit]", "DataEntity\DataEntity.rnrproj", "{E20B6C06-C3D7-4CEA-A106-1BF5473B3370}"
	ProjectSection(ProjectDependencies) = postProject
		{C761C33E-9399-4B6F-9059-9AD8DE709A6A} = {C761C33E-9399-4B6F-9059-9AD8DE709A6A}
	EndProjectSection
EndProject
Project("{FC65038C-1B2F-41E1-A629-BED71D161FFF}") = "DataPackage (USR) [Packt_Dimensions]", "DataPackage\DataPackage.rnrproj", "{C761C33E-9399-4B6F-9059-9AD8DE709A6A}"
EndProject
Global
	GlobalSection(SolutionConfigurationPlatforms) = preSolution
		Debug|Any CPU = Debug|Any CPU
	EndGlobalSection
	GlobalSection(ProjectConfigurationPlatforms) = postSolution
		{E20B6C06-C3D7-4CEA-A106-1BF5473B3370}.Debug|Any CPU.ActiveCfg = Debug|Any CPU
		{E20B6C06-C3D7-4CEA-A106-1BF5473B3370}.Debug|Any CPU.Build.0 = Debug|Any CPU
		{C761C33E-9399-4B6F-9059-9AD8DE709A6A}.Debug|Any CPU.ActiveCfg = Debug|Any CPU
		{C761C33E-9399-4B6F-9059-9AD8DE709A6A}.Debug|Any CPU.Build.0 = Debug|Any CPU
	EndGlobalSection
	GlobalSection(SolutionProperties) = preSolution
		HideSolutionNode = FALSE
	EndGlobalSection
EndGlobal
