
Microsoft Visual Studio Solution File, Format Version 12.00
# Visual Studio 14
VisualStudioVersion = 14.0.23107.0
MinimumVisualStudioVersion = 10.0.40219.1
Project("{FC65038C-1B2F-41E1-A629-BED71D161FFF}") = "CreatingWizard (USR) [Packt_Ledger]", "CreatingWizard\CreatingWizard.rnrproj", "{5DD81E98-7860-4263-8E93-10579C60BC16}"
EndProject
Global
	GlobalSection(SolutionConfigurationPlatforms) = preSolution
		Debug|Any CPU = Debug|Any CPU
	EndGlobalSection
	GlobalSection(ProjectConfigurationPlatforms) = postSolution
		{5DD81E98-7860-4263-8E93-10579C60BC16}.Debug|Any CPU.ActiveCfg = Debug|Any CPU
		{5DD81E98-7860-4263-8E93-10579C60BC16}.Debug|Any CPU.Build.0 = Debug|Any CPU
	EndGlobalSection
	GlobalSection(SolutionProperties) = preSolution
		HideSolutionNode = FALSE
	EndGlobalSection
EndGlobal
