
Microsoft Visual Studio Solution File, Format Version 12.00
# Visual Studio 14
VisualStudioVersion = 14.0.23107.0
MinimumVisualStudioVersion = 10.0.40219.1
Project("{FC65038C-1B2F-41E1-A629-BED71D161FFF}") = "DynamicForm (USR) [PacktPub]", "DynamicForm\DynamicForm.rnrproj", "{883671B8-76E5-4B2B-A905-03E597756E2A}"
EndProject
Global
	GlobalSection(SolutionConfigurationPlatforms) = preSolution
		Debug|Any CPU = Debug|Any CPU
	EndGlobalSection
	GlobalSection(ProjectConfigurationPlatforms) = postSolution
		{883671B8-76E5-4B2B-A905-03E597756E2A}.Debug|Any CPU.ActiveCfg = Debug|Any CPU
		{883671B8-76E5-4B2B-A905-03E597756E2A}.Debug|Any CPU.Build.0 = Debug|Any CPU
	EndGlobalSection
	GlobalSection(SolutionProperties) = preSolution
		HideSolutionNode = FALSE
	EndGlobalSection
EndGlobal
