
Microsoft Visual Studio Solution File, Format Version 12.00
# Visual Studio 14
VisualStudioVersion = 14.0.25420.1
MinimumVisualStudioVersion = 10.0.40219.1
Project("{FC65038C-1B2F-41E1-A629-BED71D161FFF}") = "CreatingNumberSequence (USR) [Packt_Reference]", "CreatingNumberSequence\CreatingNumberSequence.rnrproj", "{4FF832FC-6680-47DE-9A7C-7D4022E219A4}"
EndProject
Global
	GlobalSection(SolutionConfigurationPlatforms) = preSolution
		Debug|Any CPU = Debug|Any CPU
	EndGlobalSection
	GlobalSection(ProjectConfigurationPlatforms) = postSolution
		{4FF832FC-6680-47DE-9A7C-7D4022E219A4}.Debug|Any CPU.ActiveCfg = Debug|Any CPU
		{4FF832FC-6680-47DE-9A7C-7D4022E219A4}.Debug|Any CPU.Build.0 = Debug|Any CPU
	EndGlobalSection
	GlobalSection(SolutionProperties) = preSolution
		HideSolutionNode = FALSE
	EndGlobalSection
EndGlobal
