
Microsoft Visual Studio Solution File, Format Version 12.00
# Visual Studio 14
VisualStudioVersion = 14.0.25420.1
MinimumVisualStudioVersion = 10.0.40219.1
Project("{FC65038C-1B2F-41E1-A629-BED71D161FFF}") = "BuildFormlookup (USR) [Packt_Reference]", "BuildFormlookup\BuildFormlookup.rnrproj", "{2B13775B-8312-4BE1-8847-46EEB3C03E70}"
EndProject
Global
	GlobalSection(SolutionConfigurationPlatforms) = preSolution
		Debug|Any CPU = Debug|Any CPU
	EndGlobalSection
	GlobalSection(ProjectConfigurationPlatforms) = postSolution
		{2B13775B-8312-4BE1-8847-46EEB3C03E70}.Debug|Any CPU.ActiveCfg = Debug|Any CPU
		{2B13775B-8312-4BE1-8847-46EEB3C03E70}.Debug|Any CPU.Build.0 = Debug|Any CPU
	EndGlobalSection
	GlobalSection(SolutionProperties) = preSolution
		HideSolutionNode = FALSE
	EndGlobalSection
EndGlobal
