
Microsoft Visual Studio Solution File, Format Version 12.00
# Visual Studio 14
VisualStudioVersion = 14.0.23107.0
MinimumVisualStudioVersion = 10.0.40219.1
Project("{FC65038C-1B2F-41E1-A629-BED71D161FFF}") = "DynamicsLookup (USR) [PacktPub]", "DynamicsLookup\DynamicsLookup.rnrproj", "{31D03445-90BD-46CC-A07C-96C710CADD15}"
	ProjectSection(ProjectDependencies) = postProject
		{EDD2B81D-5E18-48AA-A05B-9B399990D231} = {EDD2B81D-5E18-48AA-A05B-9B399990D231}
		{72EC5D2F-BE2C-4184-B684-ADD1CB6BDC95} = {72EC5D2F-BE2C-4184-B684-ADD1CB6BDC95}
		{92622768-D027-4330-BF04-A501B2B0E040} = {92622768-D027-4330-BF04-A501B2B0E040}
		{B9241780-FBBF-4DFC-B6A9-2586C2D3B1A8} = {B9241780-FBBF-4DFC-B6A9-2586C2D3B1A8}
		{EAC7BD90-E6CB-4D36-90DE-53A2B7032081} = {EAC7BD90-E6CB-4D36-90DE-53A2B7032081}
		{E1D136A5-20BB-447C-94AE-DF693961228D} = {E1D136A5-20BB-447C-94AE-DF693961228D}
		{7F6915D0-C7C1-4D12-93CB-84E2039B2D2B} = {7F6915D0-C7C1-4D12-93CB-84E2039B2D2B}
		{EF0FB3D0-7F47-468B-9A5A-E8DE4D9E157B} = {EF0FB3D0-7F47-468B-9A5A-E8DE4D9E157B}
	EndProjectSection
EndProject
Project("{FC65038C-1B2F-41E1-A629-BED71D161FFF}") = "BuildFormlookup (USR) [PacktPub]", "BuildFormlookup\BuildFormlookup.rnrproj", "{92622768-D027-4330-BF04-A501B2B0E040}"
	ProjectSection(ProjectDependencies) = postProject
		{EDD2B81D-5E18-48AA-A05B-9B399990D231} = {EDD2B81D-5E18-48AA-A05B-9B399990D231}
		{72EC5D2F-BE2C-4184-B684-ADD1CB6BDC95} = {72EC5D2F-BE2C-4184-B684-ADD1CB6BDC95}
		{B9241780-FBBF-4DFC-B6A9-2586C2D3B1A8} = {B9241780-FBBF-4DFC-B6A9-2586C2D3B1A8}
		{EAC7BD90-E6CB-4D36-90DE-53A2B7032081} = {EAC7BD90-E6CB-4D36-90DE-53A2B7032081}
		{E1D136A5-20BB-447C-94AE-DF693961228D} = {E1D136A5-20BB-447C-94AE-DF693961228D}
		{7F6915D0-C7C1-4D12-93CB-84E2039B2D2B} = {7F6915D0-C7C1-4D12-93CB-84E2039B2D2B}
		{EF0FB3D0-7F47-468B-9A5A-E8DE4D9E157B} = {EF0FB3D0-7F47-468B-9A5A-E8DE4D9E157B}
	EndProjectSection
EndProject
Project("{FC65038C-1B2F-41E1-A629-BED71D161FFF}") = "DisplayCustomOptionsInAnotherWay (USR) [Packt_ApplicationFoundation]", "DisplayCustomOptionsInAnotherWay\DisplayCustomOptionsInAnotherWay.rnrproj", "{EF0FB3D0-7F47-468B-9A5A-E8DE4D9E157B}"
EndProject
Project("{FC65038C-1B2F-41E1-A629-BED71D161FFF}") = "CustomListOption (USR) [PacktPub]", "CustomListOption\CustomListOption.rnrproj", "{72EC5D2F-BE2C-4184-B684-ADD1CB6BDC95}"
	ProjectSection(ProjectDependencies) = postProject
		{EDD2B81D-5E18-48AA-A05B-9B399990D231} = {EDD2B81D-5E18-48AA-A05B-9B399990D231}
		{B9241780-FBBF-4DFC-B6A9-2586C2D3B1A8} = {B9241780-FBBF-4DFC-B6A9-2586C2D3B1A8}
		{EAC7BD90-E6CB-4D36-90DE-53A2B7032081} = {EAC7BD90-E6CB-4D36-90DE-53A2B7032081}
		{E1D136A5-20BB-447C-94AE-DF693961228D} = {E1D136A5-20BB-447C-94AE-DF693961228D}
		{7F6915D0-C7C1-4D12-93CB-84E2039B2D2B} = {7F6915D0-C7C1-4D12-93CB-84E2039B2D2B}
		{EF0FB3D0-7F47-468B-9A5A-E8DE4D9E157B} = {EF0FB3D0-7F47-468B-9A5A-E8DE4D9E157B}
	EndProjectSection
EndProject
Project("{FC65038C-1B2F-41E1-A629-BED71D161FFF}") = "BuildingLookupRecordDescription (USR) [PacktPub]", "BuildingLookupRecordDescription\BuildingLookupRecordDescription.rnrproj", "{E1D136A5-20BB-447C-94AE-DF693961228D}"
	ProjectSection(ProjectDependencies) = postProject
		{EDD2B81D-5E18-48AA-A05B-9B399990D231} = {EDD2B81D-5E18-48AA-A05B-9B399990D231}
		{B9241780-FBBF-4DFC-B6A9-2586C2D3B1A8} = {B9241780-FBBF-4DFC-B6A9-2586C2D3B1A8}
		{EAC7BD90-E6CB-4D36-90DE-53A2B7032081} = {EAC7BD90-E6CB-4D36-90DE-53A2B7032081}
		{7F6915D0-C7C1-4D12-93CB-84E2039B2D2B} = {7F6915D0-C7C1-4D12-93CB-84E2039B2D2B}
		{EF0FB3D0-7F47-468B-9A5A-E8DE4D9E157B} = {EF0FB3D0-7F47-468B-9A5A-E8DE4D9E157B}
	EndProjectSection
EndProject
Project("{FC65038C-1B2F-41E1-A629-BED71D161FFF}") = "AutomaticLookup (USR) [PacktPub]", "AutomaticLookup\AutomaticLookup.rnrproj", "{519A7517-F813-413E-A389-83805CF1893A}"
	ProjectSection(ProjectDependencies) = postProject
		{EDD2B81D-5E18-48AA-A05B-9B399990D231} = {EDD2B81D-5E18-48AA-A05B-9B399990D231}
		{B9241780-FBBF-4DFC-B6A9-2586C2D3B1A8} = {B9241780-FBBF-4DFC-B6A9-2586C2D3B1A8}
		{EAC7BD90-E6CB-4D36-90DE-53A2B7032081} = {EAC7BD90-E6CB-4D36-90DE-53A2B7032081}
		{7F6915D0-C7C1-4D12-93CB-84E2039B2D2B} = {7F6915D0-C7C1-4D12-93CB-84E2039B2D2B}
		{EF0FB3D0-7F47-468B-9A5A-E8DE4D9E157B} = {EF0FB3D0-7F47-468B-9A5A-E8DE4D9E157B}
	EndProjectSection
EndProject
Project("{FC65038C-1B2F-41E1-A629-BED71D161FFF}") = "ColorPickerLookup (USR) [Packt_Directory]", "ColorPickerLookup\ColorPickerLookup.rnrproj", "{B9241780-FBBF-4DFC-B6A9-2586C2D3B1A8}"
	ProjectSection(ProjectDependencies) = postProject
		{EF0FB3D0-7F47-468B-9A5A-E8DE4D9E157B} = {EF0FB3D0-7F47-468B-9A5A-E8DE4D9E157B}
	EndProjectSection
EndProject
Project("{FC65038C-1B2F-41E1-A629-BED71D161FFF}") = "SelectFileLookup (USR) [PacktPub]", "SelectFileLookup\SelectFileLookup.rnrproj", "{EAC7BD90-E6CB-4D36-90DE-53A2B7032081}"
	ProjectSection(ProjectDependencies) = postProject
		{EDD2B81D-5E18-48AA-A05B-9B399990D231} = {EDD2B81D-5E18-48AA-A05B-9B399990D231}
		{B9241780-FBBF-4DFC-B6A9-2586C2D3B1A8} = {B9241780-FBBF-4DFC-B6A9-2586C2D3B1A8}
		{7F6915D0-C7C1-4D12-93CB-84E2039B2D2B} = {7F6915D0-C7C1-4D12-93CB-84E2039B2D2B}
		{EF0FB3D0-7F47-468B-9A5A-E8DE4D9E157B} = {EF0FB3D0-7F47-468B-9A5A-E8DE4D9E157B}
	EndProjectSection
EndProject
Project("{FC65038C-1B2F-41E1-A629-BED71D161FFF}") = "BrowseFolderLookup (USR) [PacktPub]", "BrowseFolderLookup\BrowseFolderLookup.rnrproj", "{7F6915D0-C7C1-4D12-93CB-84E2039B2D2B}"
	ProjectSection(ProjectDependencies) = postProject
		{EDD2B81D-5E18-48AA-A05B-9B399990D231} = {EDD2B81D-5E18-48AA-A05B-9B399990D231}
		{B9241780-FBBF-4DFC-B6A9-2586C2D3B1A8} = {B9241780-FBBF-4DFC-B6A9-2586C2D3B1A8}
		{EF0FB3D0-7F47-468B-9A5A-E8DE4D9E157B} = {EF0FB3D0-7F47-468B-9A5A-E8DE4D9E157B}
	EndProjectSection
EndProject
Project("{FC65038C-1B2F-41E1-A629-BED71D161FFF}") = "BrowseFolderLookupAppSuite (USR) [Packt_Ledger]", "BrowseFolderLookupAppSuite\BrowseFolderLookupAppSuite.rnrproj", "{EDD2B81D-5E18-48AA-A05B-9B399990D231}"
	ProjectSection(ProjectDependencies) = postProject
		{B9241780-FBBF-4DFC-B6A9-2586C2D3B1A8} = {B9241780-FBBF-4DFC-B6A9-2586C2D3B1A8}
		{EF0FB3D0-7F47-468B-9A5A-E8DE4D9E157B} = {EF0FB3D0-7F47-468B-9A5A-E8DE4D9E157B}
	EndProjectSection
EndProject
Global
	GlobalSection(SolutionConfigurationPlatforms) = preSolution
		Debug|Any CPU = Debug|Any CPU
	EndGlobalSection
	GlobalSection(ProjectConfigurationPlatforms) = postSolution
		{31D03445-90BD-46CC-A07C-96C710CADD15}.Debug|Any CPU.ActiveCfg = Debug|Any CPU
		{31D03445-90BD-46CC-A07C-96C710CADD15}.Debug|Any CPU.Build.0 = Debug|Any CPU
		{92622768-D027-4330-BF04-A501B2B0E040}.Debug|Any CPU.ActiveCfg = Debug|Any CPU
		{92622768-D027-4330-BF04-A501B2B0E040}.Debug|Any CPU.Build.0 = Debug|Any CPU
		{EF0FB3D0-7F47-468B-9A5A-E8DE4D9E157B}.Debug|Any CPU.ActiveCfg = Debug|Any CPU
		{EF0FB3D0-7F47-468B-9A5A-E8DE4D9E157B}.Debug|Any CPU.Build.0 = Debug|Any CPU
		{72EC5D2F-BE2C-4184-B684-ADD1CB6BDC95}.Debug|Any CPU.ActiveCfg = Debug|Any CPU
		{72EC5D2F-BE2C-4184-B684-ADD1CB6BDC95}.Debug|Any CPU.Build.0 = Debug|Any CPU
		{E1D136A5-20BB-447C-94AE-DF693961228D}.Debug|Any CPU.ActiveCfg = Debug|Any CPU
		{E1D136A5-20BB-447C-94AE-DF693961228D}.Debug|Any CPU.Build.0 = Debug|Any CPU
		{519A7517-F813-413E-A389-83805CF1893A}.Debug|Any CPU.ActiveCfg = Debug|Any CPU
		{519A7517-F813-413E-A389-83805CF1893A}.Debug|Any CPU.Build.0 = Debug|Any CPU
		{B9241780-FBBF-4DFC-B6A9-2586C2D3B1A8}.Debug|Any CPU.ActiveCfg = Debug|Any CPU
		{B9241780-FBBF-4DFC-B6A9-2586C2D3B1A8}.Debug|Any CPU.Build.0 = Debug|Any CPU
		{EAC7BD90-E6CB-4D36-90DE-53A2B7032081}.Debug|Any CPU.ActiveCfg = Debug|Any CPU
		{EAC7BD90-E6CB-4D36-90DE-53A2B7032081}.Debug|Any CPU.Build.0 = Debug|Any CPU
		{7F6915D0-C7C1-4D12-93CB-84E2039B2D2B}.Debug|Any CPU.ActiveCfg = Debug|Any CPU
		{7F6915D0-C7C1-4D12-93CB-84E2039B2D2B}.Debug|Any CPU.Build.0 = Debug|Any CPU
		{EDD2B81D-5E18-48AA-A05B-9B399990D231}.Debug|Any CPU.ActiveCfg = Debug|Any CPU
		{EDD2B81D-5E18-48AA-A05B-9B399990D231}.Debug|Any CPU.Build.0 = Debug|Any CPU
	EndGlobalSection
	GlobalSection(SolutionProperties) = preSolution
		HideSolutionNode = FALSE
	EndGlobalSection
EndGlobal
